
Microsoft Visual Studio Solution File, Format Version 12.00
# Visual Studio Version 17
VisualStudioVersion = 17.14.36518.9 d17.14
MinimumVisualStudioVersion = 10.0.40219.1
Project("{FAE04EC0-301F-11D3-BF4B-00C04F79EFBC}") = "futbolcuBilgi", "futbolcuBilgi\futbolcuBilgi.csproj", "{D5F6E331-9215-446F-B923-6912BB952A0A}"
EndProject
Global
	GlobalSection(SolutionConfigurationPlatforms) = preSolution
		Debug|Any CPU = Debug|Any CPU
		Release|Any CPU = Release|Any CPU
	EndGlobalSection
	GlobalSection(ProjectConfigurationPlatforms) = postSolution
		{D5F6E331-9215-446F-B923-6912BB952A0A}.Debug|Any CPU.ActiveCfg = Debug|Any CPU
		{D5F6E331-9215-446F-B923-6912BB952A0A}.Debug|Any CPU.Build.0 = Debug|Any CPU
		{D5F6E331-9215-446F-B923-6912BB952A0A}.Release|Any CPU.ActiveCfg = Release|Any CPU
		{D5F6E331-9215-446F-B923-6912BB952A0A}.Release|Any CPU.Build.0 = Release|Any CPU
	EndGlobalSection
	GlobalSection(SolutionProperties) = preSolution
		HideSolutionNode = FALSE
	EndGlobalSection
	GlobalSection(ExtensibilityGlobals) = postSolution
		SolutionGuid = {00A2EC99-B8D0-46C4-AF7C-B8EF4CB04CA2}
	EndGlobalSection
EndGlobal
